
Microsoft Visual Studio Solution File, Format Version 12.00
# Visual Studio Version 17
VisualStudioVersion = 17.7.34018.315
MinimumVisualStudioVersion = 10.0.40219.1
Project("{FAE04EC0-301F-11D3-BF4B-00C04F79EFBC}") = "SalonTKV", "SalonTKV.csproj", "{BEFC5729-7981-4C20-BAB9-42F23820A11B}"
EndProject
Global
	GlobalSection(SolutionConfigurationPlatforms) = preSolution
		Debug|Any CPU = Debug|Any CPU
		Release|Any CPU = Release|Any CPU
	EndGlobalSection
	GlobalSection(ProjectConfigurationPlatforms) = postSolution
		{BEFC5729-7981-4C20-BAB9-42F23820A11B}.Debug|Any CPU.ActiveCfg = Debug|Any CPU
		{BEFC5729-7981-4C20-BAB9-42F23820A11B}.Debug|Any CPU.Build.0 = Debug|Any CPU
		{BEFC5729-7981-4C20-BAB9-42F23820A11B}.Release|Any CPU.ActiveCfg = Release|Any CPU
		{BEFC5729-7981-4C20-BAB9-42F23820A11B}.Release|Any CPU.Build.0 = Release|Any CPU
	EndGlobalSection
	GlobalSection(SolutionProperties) = preSolution
		HideSolutionNode = FALSE
	EndGlobalSection
	GlobalSection(ExtensibilityGlobals) = postSolution
		SolutionGuid = {3EAFFEF0-0D40-47D3-8013-05A1D201256E}
	EndGlobalSection
EndGlobal
